
Microsoft Visual Studio Solution File, Format Version 12.00
# Visual Studio Version 16
VisualStudioVersion = 16.0.32126.315
MinimumVisualStudioVersion = 10.0.40219.1
Project("{FAE04EC0-301F-11D3-BF4B-00C04F79EFBC}") = "hads addad", "hads addad.csproj", "{2BB7DA95-46BB-4ED6-8E75-FE77423B7971}"
EndProject
Global
	GlobalSection(SolutionConfigurationPlatforms) = preSolution
		Debug|Any CPU = Debug|Any CPU
		Release|Any CPU = Release|Any CPU
	EndGlobalSection
	GlobalSection(ProjectConfigurationPlatforms) = postSolution
		{2BB7DA95-46BB-4ED6-8E75-FE77423B7971}.Debug|Any CPU.ActiveCfg = Debug|Any CPU
		{2BB7DA95-46BB-4ED6-8E75-FE77423B7971}.Debug|Any CPU.Build.0 = Debug|Any CPU
		{2BB7DA95-46BB-4ED6-8E75-FE77423B7971}.Release|Any CPU.ActiveCfg = Release|Any CPU
		{2BB7DA95-46BB-4ED6-8E75-FE77423B7971}.Release|Any CPU.Build.0 = Release|Any CPU
	EndGlobalSection
	GlobalSection(SolutionProperties) = preSolution
		HideSolutionNode = FALSE
	EndGlobalSection
	GlobalSection(ExtensibilityGlobals) = postSolution
		SolutionGuid = {66C6DEB2-3103-4B8A-8489-25CA91DC37A0}
	EndGlobalSection
EndGlobal
